// !$*UTF8*$!
{
	archiveVersion = 1;
	classes = {
	};
	objectVersion = 48;
	objects = {

/* Begin PBXBuildFile section */
		1EB93D181F9AF931002852DE /* AppDelegate.swift in Sources */ = {isa = PBXBuildFile; fileRef = 1EB93D171F9AF931002852DE /* AppDelegate.swift */; };
		1EB93D1A1F9AF931002852DE /* FirstViewController.swift in Sources */ = {isa = PBXBuildFile; fileRef = 1EB93D191F9AF931002852DE /* FirstViewController.swift */; };
		1EB93D1C1F9AF931002852DE /* SecondViewController.swift in Sources */ = {isa = PBXBuildFile; fileRef = 1EB93D1B1F9AF931002852DE /* SecondViewController.swift */; };
		1EB93D1F1F9AF931002852DE /* Main.storyboard in Resources */ = {isa = PBXBuildFile; fileRef = 1EB93D1D1F9AF931002852DE /* Main.storyboard */; };
		1EB93D211F9AF931002852DE /* Assets.xcassets in Resources */ = {isa = PBXBuildFile; fileRef = 1EB93D201F9AF931002852DE /* Assets.xcassets */; };
		1EB93D241F9AF931002852DE /* LaunchScreen.storyboard in Resources */ = {isa = PBXBuildFile; fileRef = 1EB93D221F9AF931002852DE /* LaunchScreen.storyboard */; };
		1EB93D2F1F9AF931002852DE /* Parking_Meter_ReminderTests.swift in Sources */ = {isa = PBXBuildFile; fileRef = 1EB93D2E1F9AF931002852DE /* Parking_Meter_ReminderTests.swift */; };
		1EB93D3A1F9AF931002852DE /* Parking_Meter_ReminderUITests.swift in Sources */ = {isa = PBXBuildFile; fileRef = 1EB93D391F9AF931002852DE /* Parking_Meter_ReminderUITests.swift */; };
/* End PBXBuildFile section */

/* Begin PBXContainerItemProxy section */
		1EB93D2B1F9AF931002852DE /* PBXContainerItemProxy */ = {
			isa = PBXContainerItemProxy;
			containerPortal = 1EB93D0C1F9AF931002852DE /* Project object */;
			proxyType = 1;
			remoteGlobalIDString = 1EB93D131F9AF931002852DE;
			remoteInfo = "Parking Meter Reminder";
		};
		1EB93D361F9AF931002852DE /* PBXContainerItemProxy */ = {
			isa = PBXContainerItemProxy;
			containerPortal = 1EB93D0C1F9AF931002852DE /* Project object */;
			proxyType = 1;
			remoteGlobalIDString = 1EB93D131F9AF931002852DE;
			remoteInfo = "Parking Meter Reminder";
		};
/* End PBXContainerItemProxy section */

/* Begin PBXFileReference section */
		1EB93D141F9AF931002852DE /* Parking Meter Reminder.app */ = {isa = PBXFileReference; explicitFileType = wrapper.application; includeInIndex = 0; path = "Parking Meter Reminder.app"; sourceTree = BUILT_PRODUCTS_DIR; };
		1EB93D171F9AF931002852DE /* AppDelegate.swift */ = {isa = PBXFileReference; lastKnownFileType = sourcecode.swift; path = AppDelegate.swift; sourceTree = "<group>"; };
		1EB93D191F9AF931002852DE /* FirstViewController.swift */ = {isa = PBXFileReference; lastKnownFileType = sourcecode.swift; path = FirstViewController.swift; sourceTree = "<group>"; };
		1EB93D1B1F9AF931002852DE /* SecondViewController.swift */ = {isa = PBXFileReference; lastKnownFileType = sourcecode.swift; path = SecondViewController.swift; sourceTree = "<group>"; };
		1EB93D1E1F9AF931002852DE /* Base */ = {isa = PBXFileReference; lastKnownFileType = file.storyboard; name = Base; path = Base.lproj/Main.storyboard; sourceTree = "<group>"; };
		1EB93D201F9AF931002852DE /* Assets.xcassets */ = {isa = PBXFileReference; lastKnownFileType = folder.assetcatalog; path = Assets.xcassets; sourceTree = "<group>"; };
		1EB93D231F9AF931002852DE /* Base */ = {isa = PBXFileReference; lastKnownFileType = file.storyboard; name = Base; path = Base.lproj/LaunchScreen.storyboard; sourceTree = "<group>"; };
		1EB93D251F9AF931002852DE /* Info.plist */ = {isa = PBXFileReference; lastKnownFileType = text.plist.xml; path = Info.plist; sourceTree = "<group>"; };
		1EB93D2A1F9AF931002852DE /* Parking Meter ReminderTests.xctest */ = {isa = PBXFileReference; explicitFileType = wrapper.cfbundle; includeInIndex = 0; path = "Parking Meter ReminderTests.xctest"; sourceTree = BUILT_PRODUCTS_DIR; };
		1EB93D2E1F9AF931002852DE /* Parking_Meter_ReminderTests.swift */ = {isa = PBXFileReference; lastKnownFileType = sourcecode.swift; path = Parking_Meter_ReminderTests.swift; sourceTree = "<group>"; };
		1EB93D301F9AF931002852DE /* Info.plist */ = {isa = PBXFileReference; lastKnownFileType = text.plist.xml; path = Info.plist; sourceTree = "<group>"; };
		1EB93D351F9AF931002852DE /* Parking Meter ReminderUITests.xctest */ = {isa = PBXFileReference; explicitFileType = wrapper.cfbundle; includeInIndex = 0; path = "Parking Meter ReminderUITests.xctest"; sourceTree = BUILT_PRODUCTS_DIR; };
		1EB93D391F9AF931002852DE /* Parking_Meter_ReminderUITests.swift */ = {isa = PBXFileReference; lastKnownFileType = sourcecode.swift; path = Parking_Meter_ReminderUITests.swift; sourceTree = "<group>"; };
		1EB93D3B1F9AF931002852DE /* Info.plist */ = {isa = PBXFileReference; lastKnownFileType = text.plist.xml; path = Info.plist; sourceTree = "<group>"; };
/* End PBXFileReference section */

/* Begin PBXFrameworksBuildPhase section */
		1EB93D111F9AF931002852DE /* Frameworks */ = {
			isa = PBXFrameworksBuildPhase;
			buildActionMask = 2147483647;
			files = (
			);
			runOnlyForDeploymentPostprocessing = 0;
		};
		1EB93D271F9AF931002852DE /* Frameworks */ = {
			isa = PBXFrameworksBuildPhase;
			buildActionMask = 2147483647;
			files = (
			);
			runOnlyForDeploymentPostprocessing = 0;
		};
		1EB93D321F9AF931002852DE /* Frameworks */ = {
			isa = PBXFrameworksBuildPhase;
			buildActionMask = 2147483647;
			files = (
			);
			runOnlyForDeploymentPostprocessing = 0;
		};
/* End PBXFrameworksBuildPhase section */

/* Begin PBXGroup section */
		1EB93D0B1F9AF931002852DE = {
			isa = PBXGroup;
			children = (
				1EB93D161F9AF931002852DE /* Parking Meter Reminder */,
				1EB93D2D1F9AF931002852DE /* Parking Meter ReminderTests */,
				1EB93D381F9AF931002852DE /* Parking Meter ReminderUITests */,
				1EB93D151F9AF931002852DE /* Products */,
			);
			sourceTree = "<group>";
		};
		1EB93D151F9AF931002852DE /* Products */ = {
			isa = PBXGroup;
			children = (
				1EB93D141F9AF931002852DE /* Parking Meter Reminder.app */,
				1EB93D2A1F9AF931002852DE /* Parking Meter ReminderTests.xctest */,
				1EB93D351F9AF931002852DE /* Parking Meter ReminderUITests.xctest */,
			);
			name = Products;
			sourceTree = "<group>";
		};
		1EB93D161F9AF931002852DE /* Parking Meter Reminder */ = {
			isa = PBXGroup;
			children = (
				1EB93D171F9AF931002852DE /* AppDelegate.swift */,
				1EB93D191F9AF931002852DE /* FirstViewController.swift */,
				1EB93D1B1F9AF931002852DE /* SecondViewController.swift */,
				1EB93D1D1F9AF931002852DE /* Main.storyboard */,
				1EB93D201F9AF931002852DE /* Assets.xcassets */,
				1EB93D221F9AF931002852DE /* LaunchScreen.storyboard */,
				1EB93D251F9AF931002852DE /* Info.plist */,
			);
			path = "Parking Meter Reminder";
			sourceTree = "<group>";
		};
		1EB93D2D1F9AF931002852DE /* Parking Meter ReminderTests */ = {
			isa = PBXGroup;
			children = (
				1EB93D2E1F9AF931002852DE /* Parking_Meter_ReminderTests.swift */,
				1EB93D301F9AF931002852DE /* Info.plist */,
			);
			path = "Parking Meter ReminderTests";
			sourceTree = "<group>";
		};
		1EB93D381F9AF931002852DE /* Parking Meter ReminderUITests */ = {
			isa = PBXGroup;
			children = (
				1EB93D391F9AF931002852DE /* Parking_Meter_ReminderUITests.swift */,
				1EB93D3B1F9AF931002852DE /* Info.plist */,
			);
			path = "Parking Meter ReminderUITests";
			sourceTree = "<group>";
		};
/* End PBXGroup section */

/* Begin PBXNativeTarget section */
		1EB93D131F9AF931002852DE /* Parking Meter Reminder */ = {
			isa = PBXNativeTarget;
			buildConfigurationList = 1EB93D3E1F9AF931002852DE /* Build configuration list for PBXNativeTarget "Parking Meter Reminder" */;
			buildPhases = (
				1EB93D101F9AF931002852DE /* Sources */,
				1EB93D111F9AF931002852DE /* Frameworks */,
				1EB93D121F9AF931002852DE /* Resources */,
			);
			buildRules = (
			);
			dependencies = (
			);
			name = "Parking Meter Reminder";
			productName = "Parking Meter Reminder";
			productReference = 1EB93D141F9AF931002852DE /* Parking Meter Reminder.app */;
			productType = "com.apple.product-type.application";
		};
		1EB93D291F9AF931002852DE /* Parking Meter ReminderTests */ = {
			isa = PBXNativeTarget;
			buildConfigurationList = 1EB93D411F9AF931002852DE /* Build configuration list for PBXNativeTarget "Parking Meter ReminderTests" */;
			buildPhases = (
				1EB93D261F9AF931002852DE /* Sources */,
				1EB93D271F9AF931002852DE /* Frameworks */,
				1EB93D281F9AF931002852DE /* Resources */,
			);
			buildRules = (
			);
			dependencies = (
				1EB93D2C1F9AF931002852DE /* PBXTargetDependency */,
			);
			name = "Parking Meter ReminderTests";
			productName = "Parking Meter ReminderTests";
			productReference = 1EB93D2A1F9AF931002852DE /* Parking Meter ReminderTests.xctest */;
			productType = "com.apple.product-type.bundle.unit-test";
		};
		1EB93D341F9AF931002852DE /* Parking Meter ReminderUITests */ = {
			isa = PBXNativeTarget;
			buildConfigurationList = 1EB93D441F9AF931002852DE /* Build configuration list for PBXNativeTarget "Parking Meter ReminderUITests" */;
			buildPhases = (
				1EB93D311F9AF931002852DE /* Sources */,
				1EB93D321F9AF931002852DE /* Frameworks */,
				1EB93D331F9AF931002852DE /* Resources */,
			);
			buildRules = (
			);
			dependencies = (
				1EB93D371F9AF931002852DE /* PBXTargetDependency */,
			);
			name = "Parking Meter ReminderUITests";
			productName = "Parking Meter ReminderUITests";
			productReference = 1EB93D351F9AF931002852DE /* Parking Meter ReminderUITests.xctest */;
			productType = "com.apple.product-type.bundle.ui-testing";
		};
/* End PBXNativeTarget section */

/* Begin PBXProject section */
		1EB93D0C1F9AF931002852DE /* Project object */ = {
			isa = PBXProject;
			attributes = {
				LastSwiftUpdateCheck = 0900;
				LastUpgradeCheck = 0900;
				ORGANIZATIONNAME = "Kunal Botla";
				TargetAttributes = {
					1EB93D131F9AF931002852DE = {
						CreatedOnToolsVersion = 9.0;
						ProvisioningStyle = Automatic;
					};
					1EB93D291F9AF931002852DE = {
						CreatedOnToolsVersion = 9.0;
						ProvisioningStyle = Automatic;
						TestTargetID = 1EB93D131F9AF931002852DE;
					};
					1EB93D341F9AF931002852DE = {
						CreatedOnToolsVersion = 9.0;
						ProvisioningStyle = Automatic;
						TestTargetID = 1EB93D131F9AF931002852DE;
					};
				};
			};
			buildConfigurationList = 1EB93D0F1F9AF931002852DE /* Build configuration list for PBXProject "Parking Meter Reminder" */;
			compatibilityVersion = "Xcode 8.0";
			developmentRegion = en;
			hasScannedForEncodings = 0;
			knownRegions = (
				en,
				Base,
			);
			mainGroup = 1EB93D0B1F9AF931002852DE;
			productRefGroup = 1EB93D151F9AF931002852DE /* Products */;
			projectDirPath = "";
			projectRoot = "";
			targets = (
				1EB93D131F9AF931002852DE /* Parking Meter Reminder */,
				1EB93D291F9AF931002852DE /* Parking Meter ReminderTests */,
				1EB93D341F9AF931002852DE /* Parking Meter ReminderUITests */,
			);
		};
/* End PBXProject section */

/* Begin PBXResourcesBuildPhase section */
		1EB93D121F9AF931002852DE /* Resources */ = {
			isa = PBXResourcesBuildPhase;
			buildActionMask = 2147483647;
			files = (
				1EB93D241F9AF931002852DE /* LaunchScreen.storyboard in Resources */,
				1EB93D211F9AF931002852DE /* Assets.xcassets in Resources */,
				1EB93D1F1F9AF931002852DE /* Main.storyboard in Resources */,
			);
			runOnlyForDeploymentPostprocessing = 0;
		};
		1EB93D281F9AF931002852DE /* Resources */ = {
			isa = PBXResourcesBuildPhase;
			buildActionMask = 2147483647;
			files = (
			);
			runOnlyForDeploymentPostprocessing = 0;
		};
		1EB93D331F9AF931002852DE /* Resources */ = {
			isa = PBXResourcesBuildPhase;
			buildActionMask = 2147483647;
			files = (
			);
			runOnlyForDeploymentPostprocessing = 0;
		};
/* End PBXResourcesBuildPhase section */

/* Begin PBXSourcesBuildPhase section */
		1EB93D101F9AF931002852DE /* Sources */ = {
			isa = PBXSourcesBuildPhase;
			buildActionMask = 2147483647;
			files = (
				1EB93D1C1F9AF931002852DE /* SecondViewController.swift in Sources */,
				1EB93D181F9AF931002852DE /* AppDelegate.swift in Sources */,
				1EB93D1A1F9AF931002852DE /* FirstViewController.swift in Sources */,
			);
			runOnlyForDeploymentPostprocessing = 0;
		};
		1EB93D261F9AF931002852DE /* Sources */ = {
			isa = PBXSourcesBuildPhase;
			buildActionMask = 2147483647;
			files = (
				1EB93D2F1F9AF931002852DE /* Parking_Meter_ReminderTests.swift in Sources */,
			);
			runOnlyForDeploymentPostprocessing = 0;
		};
		1EB93D311F9AF931002852DE /* Sources */ = {
			isa = PBXSourcesBuildPhase;
			buildActionMask = 2147483647;
			files = (
				1EB93D3A1F9AF931002852DE /* Parking_Meter_ReminderUITests.swift in Sources */,
			);
			runOnlyForDeploymentPostprocessing = 0;
		};
/* End PBXSourcesBuildPhase section */

/* Begin PBXTargetDependency section */
		1EB93D2C1F9AF931002852DE /* PBXTargetDependency */ = {
			isa = PBXTargetDependency;
			target = 1EB93D131F9AF931002852DE /* Parking Meter Reminder */;
			targetProxy = 1EB93D2B1F9AF931002852DE /* PBXContainerItemProxy */;
		};
		1EB93D371F9AF931002852DE /* PBXTargetDependency */ = {
			isa = PBXTargetDependency;
			target = 1EB93D131F9AF931002852DE /* Parking Meter Reminder */;
			targetProxy = 1EB93D361F9AF931002852DE /* PBXContainerItemProxy */;
		};
/* End PBXTargetDependency section */

/* Begin PBXVariantGroup section */
		1EB93D1D1F9AF931002852DE /* Main.storyboard */ = {
			isa = PBXVariantGroup;
			children = (
				1EB93D1E1F9AF931002852DE /* Base */,
			);
			name = Main.storyboard;
			sourceTree = "<group>";
		};
		1EB93D221F9AF931002852DE /* LaunchScreen.storyboard */ = {
			isa = PBXVariantGroup;
			children = (
				1EB93D231F9AF931002852DE /* Base */,
			);
			name = LaunchScreen.storyboard;
			sourceTree = "<group>";
		};
/* End PBXVariantGroup section */

/* Begin XCBuildConfiguration section */
		1EB93D3C1F9AF931002852DE /* Debug */ = {
			isa = XCBuildConfiguration;
			buildSettings = {
				ALWAYS_SEARCH_USER_PATHS = NO;
				CLANG_ANALYZER_NONNULL = YES;
				CLANG_ANALYZER_NUMBER_OBJECT_CONVERSION = YES_AGGRESSIVE;
				CLANG_CXX_LANGUAGE_STANDARD = "gnu++14";
				CLANG_CXX_LIBRARY = "libc++";
				CLANG_ENABLE_MODULES = YES;
				CLANG_ENABLE_OBJC_ARC = YES;
				CLANG_WARN_BLOCK_CAPTURE_AUTORELEASING = YES;
				CLANG_WARN_BOOL_CONVERSION = YES;
				CLANG_WARN_COMMA = YES;
				CLANG_WARN_CONSTANT_CONVERSION = YES;
				CLANG_WARN_DIRECT_OBJC_ISA_USAGE = YES_ERROR;
				CLANG_WARN_DOCUMENTATION_COMMENTS = YES;
				CLANG_WARN_EMPTY_BODY = YES;
				CLANG_WARN_ENUM_CONVERSION = YES;
				CLANG_WARN_INFINITE_RECURSION = YES;
				CLANG_WARN_INT_CONVERSION = YES;
				CLANG_WARN_NON_LITERAL_NULL_CONVERSION = YES;
				CLANG_WARN_OBJC_LITERAL_CONVERSION = YES;
				CLANG_WARN_OBJC_ROOT_CLASS = YES_ERROR;
				CLANG_WARN_RANGE_LOOP_ANALYSIS = YES;
				CLANG_WARN_STRICT_PROTOTYPES = YES;
				CLANG_WARN_SUSPICIOUS_MOVE = YES;
				CLANG_WARN_UNGUARDED_AVAILABILITY = YES_AGGRESSIVE;
				CLANG_WARN_UNREACHABLE_CODE = YES;
				CLANG_WARN__DUPLICATE_METHOD_MATCH = YES;
				CODE_SIGN_IDENTITY = "iPhone Developer";
				COPY_PHASE_STRIP = NO;
				DEBUG_INFORMATION_FORMAT = dwarf;
				ENABLE_STRICT_OBJC_MSGSEND = YES;
				ENABLE_TESTABILITY = YES;
				GCC_C_LANGUAGE_STANDARD = gnu11;
				GCC_DYNAMIC_NO_PIC = NO;
				GCC_NO_COMMON_BLOCKS = YES;
				GCC_OPTIMIZATION_LEVEL = 0;
				GCC_PREPROCESSOR_DEFINITIONS = (
					"DEBUG=1",
					"$(inherited)",
				);
				GCC_WARN_64_TO_32_BIT_CONVERSION = YES;
				GCC_WARN_ABOUT_RETURN_TYPE = YES_ERROR;
				GCC_WARN_UNDECLARED_SELECTOR = YES;
				GCC_WARN_UNINITIALIZED_AUTOS = YES_AGGRESSIVE;
				GCC_WARN_UNUSED_FUNCTION = YES;
				GCC_WARN_UNUSED_VARIABLE = YES;
				IPHONEOS_DEPLOYMENT_TARGET = 11.0;
				MTL_ENABLE_DEBUG_INFO = YES;
				ONLY_ACTIVE_ARCH = YES;
				SDKROOT = iphoneos;
				SWIFT_ACTIVE_COMPILATION_CONDITIONS = DEBUG;
				SWIFT_OPTIMIZATION_LEVEL = "-Onone";
			};
			name = Debug;
		};
		1EB93D3D1F9AF931002852DE /* Release */ = {
			isa = XCBuildConfiguration;
			buildSettings = {
				ALWAYS_SEARCH_USER_PATHS = NO;
				CLANG_ANALYZER_NONNULL = YES;
				CLANG_ANALYZER_NUMBER_OBJECT_CONVERSION = YES_AGGRESSIVE;
				CLANG_CXX_LANGUAGE_STANDARD = "gnu++14";
				CLANG_CXX_LIBRARY = "libc++";
				CLANG_ENABLE_MODULES = YES;
				CLANG_ENABLE_OBJC_ARC = YES;
				CLANG_WARN_BLOCK_CAPTURE_AUTORELEASING = YES;
				CLANG_WARN_BOOL_CONVERSION = YES;
				CLANG_WARN_COMMA = YES;
				CLANG_WARN_CONSTANT_CONVERSION = YES;
				CLANG_WARN_DIRECT_OBJC_ISA_USAGE = YES_ERROR;
				CLANG_WARN_DOCUMENTATION_COMMENTS = YES;
				CLANG_WARN_EMPTY_BODY = YES;
				CLANG_WARN_ENUM_CONVERSION = YES;
				CLANG_WARN_INFINITE_RECURSION = YES;
				CLANG_WARN_INT_CONVERSION = YES;
				CLANG_WARN_NON_LITERAL_NULL_CONVERSION = YES;
				CLANG_WARN_OBJC_LITERAL_CONVERSION = YES;
				CLANG_WARN_OBJC_ROOT_CLASS = YES_ERROR;
				CLANG_WARN_RANGE_LOOP_ANALYSIS = YES;
				CLANG_WARN_STRICT_PROTOTYPES = YES;
				CLANG_WARN_SUSPICIOUS_MOVE = YES;
				CLANG_WARN_UNGUARDED_AVAILABILITY = YES_AGGRESSIVE;
				CLANG_WARN_UNREACHABLE_CODE = YES;
				CLANG_WARN__DUPLICATE_METHOD_MATCH = YES;
				CODE_SIGN_IDENTITY = "iPhone Developer";
				COPY_PHASE_STRIP = NO;
				DEBUG_INFORMATION_FORMAT = "dwarf-with-dsym";
				ENABLE_NS_ASSERTIONS = NO;
				ENABLE_STRICT_OBJC_MSGSEND = YES;
				GCC_C_LANGUAGE_STANDARD = gnu11;
				GCC_NO_COMMON_BLOCKS = YES;
				GCC_WARN_64_TO_32_BIT_CONVERSION = YES;
				GCC_WARN_ABOUT_RETURN_TYPE = YES_ERROR;
				GCC_WARN_UNDECLARED_SELECTOR = YES;
				GCC_WARN_UNINITIALIZED_AUTOS = YES_AGGRESSIVE;
				GCC_WARN_UNUSED_FUNCTION = YES;
				GCC_WARN_UNUSED_VARIABLE = YES;
				IPHONEOS_DEPLOYMENT_TARGET = 11.0;
				MTL_ENABLE_DEBUG_INFO = NO;
				SDKROOT = iphoneos;
				SWIFT_OPTIMIZATION_LEVEL = "-Owholemodule";
				VALIDATE_PRODUCT = YES;
			};
			name = Release;
		};
		1EB93D3F1F9AF931002852DE /* Debug */ = {
			isa = XCBuildConfiguration;
			buildSettings = {
				ASSETCATALOG_COMPILER_APPICON_NAME = AppIcon;
				CODE_SIGN_STYLE = Automatic;
				DEVELOPMENT_TEAM = 7E79B5SK54;
				INFOPLIST_FILE = "Parking Meter Reminder/Info.plist";
				IPHONEOS_DEPLOYMENT_TARGET = 11.0;
				LD_RUNPATH_SEARCH_PATHS = "$(inherited) @executable_path/Frameworks";
				PRODUCT_BUNDLE_IDENTIFIER = "com.botla.Parking-Meter-Reminder";
				PRODUCT_NAME = "$(TARGET_NAME)";
				SWIFT_VERSION = 4.0;
				TARGETED_DEVICE_FAMILY = "1,2";
			};
			name = Debug;
		};
		1EB93D401F9AF931002852DE /* Release */ = {
			isa = XCBuildConfiguration;
			buildSettings = {
				ASSETCATALOG_COMPILER_APPICON_NAME = AppIcon;
				CODE_SIGN_STYLE = Automatic;
				DEVELOPMENT_TEAM = 7E79B5SK54;
				INFOPLIST_FILE = "Parking Meter Reminder/Info.plist";
				IPHONEOS_DEPLOYMENT_TARGET = 11.0;
				LD_RUNPATH_SEARCH_PATHS = "$(inherited) @executable_path/Frameworks";
				PRODUCT_BUNDLE_IDENTIFIER = "com.botla.Parking-Meter-Reminder";
				PRODUCT_NAME = "$(TARGET_NAME)";
				SWIFT_VERSION = 4.0;
				TARGETED_DEVICE_FAMILY = "1,2";
			};
			name = Release;
		};
		1EB93D421F9AF931002852DE /* Debug */ = {
			isa = XCBuildConfiguration;
			buildSettings = {
				ALWAYS_EMBED_SWIFT_STANDARD_LIBRARIES = YES;
				BUNDLE_LOADER = "$(TEST_HOST)";
				CODE_SIGN_STYLE = Automatic;
				DEVELOPMENT_TEAM = 7E79B5SK54;
				INFOPLIST_FILE = "Parking Meter ReminderTests/Info.plist";
				LD_RUNPATH_SEARCH_PATHS = "$(inherited) @executable_path/Frameworks @loader_path/Frameworks";
				PRODUCT_BUNDLE_IDENTIFIER = "com.botla.Parking-Meter-ReminderTests";
				PRODUCT_NAME = "$(TARGET_NAME)";
				SWIFT_VERSION = 4.0;
				TARGETED_DEVICE_FAMILY = "1,2";
				TEST_HOST = "$(BUILT_PRODUCTS_DIR)/Parking Meter Reminder.app/Parking Meter Reminder";
			};
			name = Debug;
		};
		1EB93D431F9AF931002852DE /* Release */ = {
			isa = XCBuildConfiguration;
			buildSettings = {
				ALWAYS_EMBED_SWIFT_STANDARD_LIBRARIES = YES;
				BUNDLE_LOADER = "$(TEST_HOST)";
				CODE_SIGN_STYLE = Automatic;
				DEVELOPMENT_TEAM = 7E79B5SK54;
				INFOPLIST_FILE = "Parking Meter ReminderTests/Info.plist";
				LD_RUNPATH_SEARCH_PATHS = "$(inherited) @executable_path/Frameworks @loader_path/Frameworks";
				PRODUCT_BUNDLE_IDENTIFIER = "com.botla.Parking-Meter-ReminderTests";
				PRODUCT_NAME = "$(TARGET_NAME)";
				SWIFT_VERSION = 4.0;
				TARGETED_DEVICE_FAMILY = "1,2";
				TEST_HOST = "$(BUILT_PRODUCTS_DIR)/Parking Meter Reminder.app/Parking Meter Reminder";
			};
			name = Release;
		};
		1EB93D451F9AF931002852DE /* Debug */ = {
			isa = XCBuildConfiguration;
			buildSettings = {
				ALWAYS_EMBED_SWIFT_STANDARD_LIBRARIES = YES;
				CODE_SIGN_STYLE = Automatic;
				DEVELOPMENT_TEAM = 7E79B5SK54;
				INFOPLIST_FILE = "Parking Meter ReminderUITests/Info.plist";
				LD_RUNPATH_SEARCH_PATHS = "$(inherited) @executable_path/Frameworks @loader_path/Frameworks";
				PRODUCT_BUNDLE_IDENTIFIER = "com.botla.Parking-Meter-ReminderUITests";
				PRODUCT_NAME = "$(TARGET_NAME)";
				SWIFT_VERSION = 4.0;
				TARGETED_DEVICE_FAMILY = "1,2";
				TEST_TARGET_NAME = "Parking Meter Reminder";
			};
			name = Debug;
		};
		1EB93D461F9AF931002852DE /* Release */ = {
			isa = XCBuildConfiguration;
			buildSettings = {
				ALWAYS_EMBED_SWIFT_STANDARD_LIBRARIES = YES;
				CODE_SIGN_STYLE = Automatic;
				DEVELOPMENT_TEAM = 7E79B5SK54;
				INFOPLIST_FILE = "Parking Meter ReminderUITests/Info.plist";
				LD_RUNPATH_SEARCH_PATHS = "$(inherited) @executable_path/Frameworks @loader_path/Frameworks";
				PRODUCT_BUNDLE_IDENTIFIER = "com.botla.Parking-Meter-ReminderUITests";
				PRODUCT_NAME = "$(TARGET_NAME)";
				SWIFT_VERSION = 4.0;
				TARGETED_DEVICE_FAMILY = "1,2";
				TEST_TARGET_NAME = "Parking Meter Reminder";
			};
			name = Release;
		};
/* End XCBuildConfiguration section */

/* Begin XCConfigurationList section */
		1EB93D0F1F9AF931002852DE /* Build configuration list for PBXProject "Parking Meter Reminder" */ = {
			isa = XCConfigurationList;
			buildConfigurations = (
				1EB93D3C1F9AF931002852DE /* Debug */,
				1EB93D3D1F9AF931002852DE /* Release */,
			);
			defaultConfigurationIsVisible = 0;
			defaultConfigurationName = Release;
		};
		1EB93D3E1F9AF931002852DE /* Build configuration list for PBXNativeTarget "Parking Meter Reminder" */ = {
			isa = XCConfigurationList;
			buildConfigurations = (
				1EB93D3F1F9AF931002852DE /* Debug */,
				1EB93D401F9AF931002852DE /* Release */,
			);
			defaultConfigurationIsVisible = 0;
			defaultConfigurationName = Release;
		};
		1EB93D411F9AF931002852DE /* Build configuration list for PBXNativeTarget "Parking Meter ReminderTests" */ = {
			isa = XCConfigurationList;
			buildConfigurations = (
				1EB93D421F9AF931002852DE /* Debug */,
				1EB93D431F9AF931002852DE /* Release */,
			);
			defaultConfigurationIsVisible = 0;
			defaultConfigurationName = Release;
		};
		1EB93D441F9AF931002852DE /* Build configuration list for PBXNativeTarget "Parking Meter ReminderUITests" */ = {
			isa = XCConfigurationList;
			buildConfigurations = (
				1EB93D451F9AF931002852DE /* Debug */,
				1EB93D461F9AF931002852DE /* Release */,
			);
			defaultConfigurationIsVisible = 0;
			defaultConfigurationName = Release;
		};
/* End XCConfigurationList section */
	};
	rootObject = 1EB93D0C1F9AF931002852DE /* Project object */;
}
